// !$*UTF8*$!
{
	archiveVersion = 1;
	classes = {
	};
	objectVersion = 50;
	objects = {

/* Begin PBXBuildFile section */
		8D160CA225B2874500EFB5F6 /* Color.swift in Sources */ = {isa = PBXBuildFile; fileRef = 8D160CA125B2874500EFB5F6 /* Color.swift */; };
		8D160CAA25B287CF00EFB5F6 /* EditView.swift in Sources */ = {isa = PBXBuildFile; fileRef = 8D160CA925B287CF00EFB5F6 /* EditView.swift */; };
		8DAD20BE25B1B9DA009FDD3E /* ScrumdingerApp.swift in Sources */ = {isa = PBXBuildFile; fileRef = 8DAD20BD25B1B9DA009FDD3E /* ScrumdingerApp.swift */; };
		8DAD20C025B1B9DA009FDD3E /* MeetingView.swift in Sources */ = {isa = PBXBuildFile; fileRef = 8DAD20BF25B1B9DA009FDD3E /* MeetingView.swift */; };
		8DAD20C225B1B9DE009FDD3E /* Assets.xcassets in Resources */ = {isa = PBXBuildFile; fileRef = 8DAD20C125B1B9DE009FDD3E /* Assets.xcassets */; };
		8DAD20C525B1B9DE009FDD3E /* Preview Assets.xcassets in Resources */ = {isa = PBXBuildFile; fileRef = 8DAD20C425B1B9DE009FDD3E /* Preview Assets.xcassets */; };
		8DAD20D025B1B9DE009FDD3E /* ScrumdingerTests.swift in Sources */ = {isa = PBXBuildFile; fileRef = 8DAD20CF25B1B9DE009FDD3E /* ScrumdingerTests.swift */; };
		8DAD20DB25B1B9DE009FDD3E /* ScrumdingerUITests.swift in Sources */ = {isa = PBXBuildFile; fileRef = 8DAD20DA25B1B9DE009FDD3E /* ScrumdingerUITests.swift */; };
		8DAD20F025B1CDDC009FDD3E /* DailyScrum.swift in Sources */ = {isa = PBXBuildFile; fileRef = 8DAD20EF25B1CDDC009FDD3E /* DailyScrum.swift */; };
		8DAD20F925B1CEE5009FDD3E /* CardView.swift in Sources */ = {isa = PBXBuildFile; fileRef = 8DAD20F825B1CEE5009FDD3E /* CardView.swift */; };
		8DAD210125B1E2E3009FDD3E /* ScrumListView.swift in Sources */ = {isa = PBXBuildFile; fileRef = 8DAD210025B1E2E3009FDD3E /* ScrumListView.swift */; };
		8DAD210925B1FD0D009FDD3E /* DetailView.swift in Sources */ = {isa = PBXBuildFile; fileRef = 8DAD210825B1FD0D009FDD3E /* DetailView.swift */; };
		8DB195DE25B3FA4400CDCDE4 /* MeetingHeaderView.swift in Sources */ = {isa = PBXBuildFile; fileRef = 8DB195DD25B3FA4400CDCDE4 /* MeetingHeaderView.swift */; };
		8DB195E825B4021700CDCDE4 /* ScrumTimer.swift in Sources */ = {isa = PBXBuildFile; fileRef = 8DB195E725B4021700CDCDE4 /* ScrumTimer.swift */; };
		8DB195ED25B4023800CDCDE4 /* ScrumProgressViewStyle.swift in Sources */ = {isa = PBXBuildFile; fileRef = 8DB195EC25B4023800CDCDE4 /* ScrumProgressViewStyle.swift */; };
		8DB195F225B403D700CDCDE4 /* MeetingFooterView.swift in Sources */ = {isa = PBXBuildFile; fileRef = 8DB195F125B403D700CDCDE4 /* MeetingFooterView.swift */; };
		8DB195F725B40D3E00CDCDE4 /* AVPlayer+Ding.swift in Sources */ = {isa = PBXBuildFile; fileRef = 8DB195F625B40D3E00CDCDE4 /* AVPlayer+Ding.swift */; };
		8DB195FD25B41DF000CDCDE4 /* History.swift in Sources */ = {isa = PBXBuildFile; fileRef = 8DB195FC25B41DF000CDCDE4 /* History.swift */; };
		8DB1960225B4209B00CDCDE4 /* ScrumData.swift in Sources */ = {isa = PBXBuildFile; fileRef = 8DB1960125B4209B00CDCDE4 /* ScrumData.swift */; };
/* End PBXBuildFile section */

/* Begin PBXContainerItemProxy section */
		8DAD20CC25B1B9DE009FDD3E /* PBXContainerItemProxy */ = {
			isa = PBXContainerItemProxy;
			containerPortal = 8DAD20B225B1B9DA009FDD3E /* Project object */;
			proxyType = 1;
			remoteGlobalIDString = 8DAD20B925B1B9DA009FDD3E;
			remoteInfo = Scrumdinger;
		};
		8DAD20D725B1B9DE009FDD3E /* PBXContainerItemProxy */ = {
			isa = PBXContainerItemProxy;
			containerPortal = 8DAD20B225B1B9DA009FDD3E /* Project object */;
			proxyType = 1;
			remoteGlobalIDString = 8DAD20B925B1B9DA009FDD3E;
			remoteInfo = Scrumdinger;
		};
/* End PBXContainerItemProxy section */

/* Begin PBXFileReference section */
		8D160CA125B2874500EFB5F6 /* Color.swift */ = {isa = PBXFileReference; lastKnownFileType = sourcecode.swift; path = Color.swift; sourceTree = "<group>"; };
		8D160CA925B287CF00EFB5F6 /* EditView.swift */ = {isa = PBXFileReference; lastKnownFileType = sourcecode.swift; path = EditView.swift; sourceTree = "<group>"; };
		8DAD20BA25B1B9DA009FDD3E /* Scrumdinger.app */ = {isa = PBXFileReference; explicitFileType = wrapper.application; includeInIndex = 0; path = Scrumdinger.app; sourceTree = BUILT_PRODUCTS_DIR; };
		8DAD20BD25B1B9DA009FDD3E /* ScrumdingerApp.swift */ = {isa = PBXFileReference; lastKnownFileType = sourcecode.swift; path = ScrumdingerApp.swift; sourceTree = "<group>"; };
		8DAD20BF25B1B9DA009FDD3E /* MeetingView.swift */ = {isa = PBXFileReference; lastKnownFileType = sourcecode.swift; path = MeetingView.swift; sourceTree = "<group>"; };
		8DAD20C125B1B9DE009FDD3E /* Assets.xcassets */ = {isa = PBXFileReference; lastKnownFileType = folder.assetcatalog; path = Assets.xcassets; sourceTree = "<group>"; };
		8DAD20C425B1B9DE009FDD3E /* Preview Assets.xcassets */ = {isa = PBXFileReference; lastKnownFileType = folder.assetcatalog; path = "Preview Assets.xcassets"; sourceTree = "<group>"; };
		8DAD20C625B1B9DE009FDD3E /* Info.plist */ = {isa = PBXFileReference; lastKnownFileType = text.plist.xml; path = Info.plist; sourceTree = "<group>"; };
		8DAD20CB25B1B9DE009FDD3E /* ScrumdingerTests.xctest */ = {isa = PBXFileReference; explicitFileType = wrapper.cfbundle; includeInIndex = 0; path = ScrumdingerTests.xctest; sourceTree = BUILT_PRODUCTS_DIR; };
		8DAD20CF25B1B9DE009FDD3E /* ScrumdingerTests.swift */ = {isa = PBXFileReference; lastKnownFileType = sourcecode.swift; path = ScrumdingerTests.swift; sourceTree = "<group>"; };
		8DAD20D125B1B9DE009FDD3E /* Info.plist */ = {isa = PBXFileReference; lastKnownFileType = text.plist.xml; path = Info.plist; sourceTree = "<group>"; };
		8DAD20D625B1B9DE009FDD3E /* ScrumdingerUITests.xctest */ = {isa = PBXFileReference; explicitFileType = wrapper.cfbundle; includeInIndex = 0; path = ScrumdingerUITests.xctest; sourceTree = BUILT_PRODUCTS_DIR; };
		8DAD20DA25B1B9DE009FDD3E /* ScrumdingerUITests.swift */ = {isa = PBXFileReference; lastKnownFileType = sourcecode.swift; path = ScrumdingerUITests.swift; sourceTree = "<group>"; };
		8DAD20DC25B1B9DE009FDD3E /* Info.plist */ = {isa = PBXFileReference; lastKnownFileType = text.plist.xml; path = Info.plist; sourceTree = "<group>"; };
		8DAD20EF25B1CDDC009FDD3E /* DailyScrum.swift */ = {isa = PBXFileReference; lastKnownFileType = sourcecode.swift; path = DailyScrum.swift; sourceTree = "<group>"; };
		8DAD20F825B1CEE5009FDD3E /* CardView.swift */ = {isa = PBXFileReference; lastKnownFileType = sourcecode.swift; path = CardView.swift; sourceTree = "<group>"; };
		8DAD210025B1E2E3009FDD3E /* ScrumListView.swift */ = {isa = PBXFileReference; lastKnownFileType = sourcecode.swift; path = ScrumListView.swift; sourceTree = "<group>"; };
		8DAD210825B1FD0D009FDD3E /* DetailView.swift */ = {isa = PBXFileReference; lastKnownFileType = sourcecode.swift; path = DetailView.swift; sourceTree = "<group>"; };
		8DB195DD25B3FA4400CDCDE4 /* MeetingHeaderView.swift */ = {isa = PBXFileReference; lastKnownFileType = sourcecode.swift; path = MeetingHeaderView.swift; sourceTree = "<group>"; };
		8DB195E725B4021700CDCDE4 /* ScrumTimer.swift */ = {isa = PBXFileReference; fileEncoding = 4; lastKnownFileType = sourcecode.swift; path = ScrumTimer.swift; sourceTree = "<group>"; };
		8DB195EC25B4023800CDCDE4 /* ScrumProgressViewStyle.swift */ = {isa = PBXFileReference; fileEncoding = 4; lastKnownFileType = sourcecode.swift; path = ScrumProgressViewStyle.swift; sourceTree = "<group>"; };
		8DB195F125B403D700CDCDE4 /* MeetingFooterView.swift */ = {isa = PBXFileReference; lastKnownFileType = sourcecode.swift; path = MeetingFooterView.swift; sourceTree = "<group>"; };
		8DB195F625B40D3E00CDCDE4 /* AVPlayer+Ding.swift */ = {isa = PBXFileReference; fileEncoding = 4; lastKnownFileType = sourcecode.swift; path = "AVPlayer+Ding.swift"; sourceTree = "<group>"; };
		8DB195FC25B41DF000CDCDE4 /* History.swift */ = {isa = PBXFileReference; lastKnownFileType = sourcecode.swift; path = History.swift; sourceTree = "<group>"; };
		8DB1960125B4209B00CDCDE4 /* ScrumData.swift */ = {isa = PBXFileReference; lastKnownFileType = sourcecode.swift; path = ScrumData.swift; sourceTree = "<group>"; };
/* End PBXFileReference section */

/* Begin PBXFrameworksBuildPhase section */
		8DAD20B725B1B9DA009FDD3E /* Frameworks */ = {
			isa = PBXFrameworksBuildPhase;
			buildActionMask = 2147483647;
			files = (
			);
			runOnlyForDeploymentPostprocessing = 0;
		};
		8DAD20C825B1B9DE009FDD3E /* Frameworks */ = {
			isa = PBXFrameworksBuildPhase;
			buildActionMask = 2147483647;
			files = (
			);
			runOnlyForDeploymentPostprocessing = 0;
		};
		8DAD20D325B1B9DE009FDD3E /* Frameworks */ = {
			isa = PBXFrameworksBuildPhase;
			buildActionMask = 2147483647;
			files = (
			);
			runOnlyForDeploymentPostprocessing = 0;
		};
/* End PBXFrameworksBuildPhase section */

/* Begin PBXGroup section */
		8D160CA025B2873600EFB5F6 /* Extensions */ = {
			isa = PBXGroup;
			children = (
				8DB195F625B40D3E00CDCDE4 /* AVPlayer+Ding.swift */,
				8D160CA125B2874500EFB5F6 /* Color.swift */,
			);
			path = Extensions;
			sourceTree = "<group>";
		};
		8DAD20B125B1B9DA009FDD3E = {
			isa = PBXGroup;
			children = (
				8DAD20BC25B1B9DA009FDD3E /* Scrumdinger */,
				8DAD20CE25B1B9DE009FDD3E /* ScrumdingerTests */,
				8DAD20D925B1B9DE009FDD3E /* ScrumdingerUITests */,
				8DAD20BB25B1B9DA009FDD3E /* Products */,
			);
			sourceTree = "<group>";
		};
		8DAD20BB25B1B9DA009FDD3E /* Products */ = {
			isa = PBXGroup;
			children = (
				8DAD20BA25B1B9DA009FDD3E /* Scrumdinger.app */,
				8DAD20CB25B1B9DE009FDD3E /* ScrumdingerTests.xctest */,
				8DAD20D625B1B9DE009FDD3E /* ScrumdingerUITests.xctest */,
			);
			name = Products;
			sourceTree = "<group>";
		};
		8DAD20BC25B1B9DA009FDD3E /* Scrumdinger */ = {
			isa = PBXGroup;
			children = (
				8DB195EC25B4023800CDCDE4 /* ScrumProgressViewStyle.swift */,
				8D160CA025B2873600EFB5F6 /* Extensions */,
				8DAD20F725B1CED2009FDD3E /* Views */,
				8DAD20EE25B1CDCA009FDD3E /* Models */,
				8DAD20BD25B1B9DA009FDD3E /* ScrumdingerApp.swift */,
				8DAD20C125B1B9DE009FDD3E /* Assets.xcassets */,
				8DAD20C625B1B9DE009FDD3E /* Info.plist */,
				8DAD20C325B1B9DE009FDD3E /* Preview Content */,
			);
			path = Scrumdinger;
			sourceTree = "<group>";
		};
		8DAD20C325B1B9DE009FDD3E /* Preview Content */ = {
			isa = PBXGroup;
			children = (
				8DAD20C425B1B9DE009FDD3E /* Preview Assets.xcassets */,
			);
			path = "Preview Content";
			sourceTree = "<group>";
		};
		8DAD20CE25B1B9DE009FDD3E /* ScrumdingerTests */ = {
			isa = PBXGroup;
			children = (
				8DAD20CF25B1B9DE009FDD3E /* ScrumdingerTests.swift */,
				8DAD20D125B1B9DE009FDD3E /* Info.plist */,
			);
			path = ScrumdingerTests;
			sourceTree = "<group>";
		};
		8DAD20D925B1B9DE009FDD3E /* ScrumdingerUITests */ = {
			isa = PBXGroup;
			children = (
				8DAD20DA25B1B9DE009FDD3E /* ScrumdingerUITests.swift */,
				8DAD20DC25B1B9DE009FDD3E /* Info.plist */,
			);
			path = ScrumdingerUITests;
			sourceTree = "<group>";
		};
		8DAD20EE25B1CDCA009FDD3E /* Models */ = {
			isa = PBXGroup;
			children = (
				8DB195E725B4021700CDCDE4 /* ScrumTimer.swift */,
				8DAD20EF25B1CDDC009FDD3E /* DailyScrum.swift */,
				8DB195FC25B41DF000CDCDE4 /* History.swift */,
				8DB1960125B4209B00CDCDE4 /* ScrumData.swift */,
			);
			path = Models;
			sourceTree = "<group>";
		};
		8DAD20F725B1CED2009FDD3E /* Views */ = {
			isa = PBXGroup;
			children = (
				8DB195E225B3FC4B00CDCDE4 /* MeetingView */,
				8DAD20F825B1CEE5009FDD3E /* CardView.swift */,
				8DAD210025B1E2E3009FDD3E /* ScrumListView.swift */,
				8DAD210825B1FD0D009FDD3E /* DetailView.swift */,
				8D160CA925B287CF00EFB5F6 /* EditView.swift */,
			);
			path = Views;
			sourceTree = "<group>";
		};
		8DB195E225B3FC4B00CDCDE4 /* MeetingView */ = {
			isa = PBXGroup;
			children = (
				8DAD20BF25B1B9DA009FDD3E /* MeetingView.swift */,
				8DB195DD25B3FA4400CDCDE4 /* MeetingHeaderView.swift */,
				8DB195F125B403D700CDCDE4 /* MeetingFooterView.swift */,
			);
			path = MeetingView;
			sourceTree = "<group>";
		};
/* End PBXGroup section */

/* Begin PBXNativeTarget section */
		8DAD20B925B1B9DA009FDD3E /* Scrumdinger */ = {
			isa = PBXNativeTarget;
			buildConfigurationList = 8DAD20DF25B1B9DE009FDD3E /* Build configuration list for PBXNativeTarget "Scrumdinger" */;
			buildPhases = (
				8DAD20B625B1B9DA009FDD3E /* Sources */,
				8DAD20B725B1B9DA009FDD3E /* Frameworks */,
				8DAD20B825B1B9DA009FDD3E /* Resources */,
			);
			buildRules = (
			);
			dependencies = (
			);
			name = Scrumdinger;
			productName = Scrumdinger;
			productReference = 8DAD20BA25B1B9DA009FDD3E /* Scrumdinger.app */;
			productType = "com.apple.product-type.application";
		};
		8DAD20CA25B1B9DE009FDD3E /* ScrumdingerTests */ = {
			isa = PBXNativeTarget;
			buildConfigurationList = 8DAD20E225B1B9DE009FDD3E /* Build configuration list for PBXNativeTarget "ScrumdingerTests" */;
			buildPhases = (
				8DAD20C725B1B9DE009FDD3E /* Sources */,
				8DAD20C825B1B9DE009FDD3E /* Frameworks */,
				8DAD20C925B1B9DE009FDD3E /* Resources */,
			);
			buildRules = (
			);
			dependencies = (
				8DAD20CD25B1B9DE009FDD3E /* PBXTargetDependency */,
			);
			name = ScrumdingerTests;
			productName = ScrumdingerTests;
			productReference = 8DAD20CB25B1B9DE009FDD3E /* ScrumdingerTests.xctest */;
			productType = "com.apple.product-type.bundle.unit-test";
		};
		8DAD20D525B1B9DE009FDD3E /* ScrumdingerUITests */ = {
			isa = PBXNativeTarget;
			buildConfigurationList = 8DAD20E525B1B9DE009FDD3E /* Build configuration list for PBXNativeTarget "ScrumdingerUITests" */;
			buildPhases = (
				8DAD20D225B1B9DE009FDD3E /* Sources */,
				8DAD20D325B1B9DE009FDD3E /* Frameworks */,
				8DAD20D425B1B9DE009FDD3E /* Resources */,
			);
			buildRules = (
			);
			dependencies = (
				8DAD20D825B1B9DE009FDD3E /* PBXTargetDependency */,
			);
			name = ScrumdingerUITests;
			productName = ScrumdingerUITests;
			productReference = 8DAD20D625B1B9DE009FDD3E /* ScrumdingerUITests.xctest */;
			productType = "com.apple.product-type.bundle.ui-testing";
		};
/* End PBXNativeTarget section */

/* Begin PBXProject section */
		8DAD20B225B1B9DA009FDD3E /* Project object */ = {
			isa = PBXProject;
			attributes = {
				LastSwiftUpdateCheck = 1230;
				LastUpgradeCheck = 1230;
				TargetAttributes = {
					8DAD20B925B1B9DA009FDD3E = {
						CreatedOnToolsVersion = 12.3;
					};
					8DAD20CA25B1B9DE009FDD3E = {
						CreatedOnToolsVersion = 12.3;
						TestTargetID = 8DAD20B925B1B9DA009FDD3E;
					};
					8DAD20D525B1B9DE009FDD3E = {
						CreatedOnToolsVersion = 12.3;
						TestTargetID = 8DAD20B925B1B9DA009FDD3E;
					};
				};
			};
			buildConfigurationList = 8DAD20B525B1B9DA009FDD3E /* Build configuration list for PBXProject "Scrumdinger" */;
			compatibilityVersion = "Xcode 9.3";
			developmentRegion = en;
			hasScannedForEncodings = 0;
			knownRegions = (
				en,
				Base,
			);
			mainGroup = 8DAD20B125B1B9DA009FDD3E;
			productRefGroup = 8DAD20BB25B1B9DA009FDD3E /* Products */;
			projectDirPath = "";
			projectRoot = "";
			targets = (
				8DAD20B925B1B9DA009FDD3E /* Scrumdinger */,
				8DAD20CA25B1B9DE009FDD3E /* ScrumdingerTests */,
				8DAD20D525B1B9DE009FDD3E /* ScrumdingerUITests */,
			);
		};
/* End PBXProject section */

/* Begin PBXResourcesBuildPhase section */
		8DAD20B825B1B9DA009FDD3E /* Resources */ = {
			isa = PBXResourcesBuildPhase;
			buildActionMask = 2147483647;
			files = (
				8DAD20C525B1B9DE009FDD3E /* Preview Assets.xcassets in Resources */,
				8DAD20C225B1B9DE009FDD3E /* Assets.xcassets in Resources */,
			);
			runOnlyForDeploymentPostprocessing = 0;
		};
		8DAD20C925B1B9DE009FDD3E /* Resources */ = {
			isa = PBXResourcesBuildPhase;
			buildActionMask = 2147483647;
			files = (
			);
			runOnlyForDeploymentPostprocessing = 0;
		};
		8DAD20D425B1B9DE009FDD3E /* Resources */ = {
			isa = PBXResourcesBuildPhase;
			buildActionMask = 2147483647;
			files = (
			);
			runOnlyForDeploymentPostprocessing = 0;
		};
/* End PBXResourcesBuildPhase section */

/* Begin PBXSourcesBuildPhase section */
		8DAD20B625B1B9DA009FDD3E /* Sources */ = {
			isa = PBXSourcesBuildPhase;
			buildActionMask = 2147483647;
			files = (
				8DAD20C025B1B9DA009FDD3E /* MeetingView.swift in Sources */,
				8DAD210925B1FD0D009FDD3E /* DetailView.swift in Sources */,
				8DB195FD25B41DF000CDCDE4 /* History.swift in Sources */,
				8D160CAA25B287CF00EFB5F6 /* EditView.swift in Sources */,
				8DB195F725B40D3E00CDCDE4 /* AVPlayer+Ding.swift in Sources */,
				8DB1960225B4209B00CDCDE4 /* ScrumData.swift in Sources */,
				8DB195DE25B3FA4400CDCDE4 /* MeetingHeaderView.swift in Sources */,
				8DB195E825B4021700CDCDE4 /* ScrumTimer.swift in Sources */,
				8DB195F225B403D700CDCDE4 /* MeetingFooterView.swift in Sources */,
				8D160CA225B2874500EFB5F6 /* Color.swift in Sources */,
				8DAD20F025B1CDDC009FDD3E /* DailyScrum.swift in Sources */,
				8DAD20F925B1CEE5009FDD3E /* CardView.swift in Sources */,
				8DAD210125B1E2E3009FDD3E /* ScrumListView.swift in Sources */,
				8DAD20BE25B1B9DA009FDD3E /* ScrumdingerApp.swift in Sources */,
				8DB195ED25B4023800CDCDE4 /* ScrumProgressViewStyle.swift in Sources */,
			);
			runOnlyForDeploymentPostprocessing = 0;
		};
		8DAD20C725B1B9DE009FDD3E /* Sources */ = {
			isa = PBXSourcesBuildPhase;
			buildActionMask = 2147483647;
			files = (
				8DAD20D025B1B9DE009FDD3E /* ScrumdingerTests.swift in Sources */,
			);
			runOnlyForDeploymentPostprocessing = 0;
		};
		8DAD20D225B1B9DE009FDD3E /* Sources */ = {
			isa = PBXSourcesBuildPhase;
			buildActionMask = 2147483647;
			files = (
				8DAD20DB25B1B9DE009FDD3E /* ScrumdingerUITests.swift in Sources */,
			);
			runOnlyForDeploymentPostprocessing = 0;
		};
/* End PBXSourcesBuildPhase section */

/* Begin PBXTargetDependency section */
		8DAD20CD25B1B9DE009FDD3E /* PBXTargetDependency */ = {
			isa = PBXTargetDependency;
			target = 8DAD20B925B1B9DA009FDD3E /* Scrumdinger */;
			targetProxy = 8DAD20CC25B1B9DE009FDD3E /* PBXContainerItemProxy */;
		};
		8DAD20D825B1B9DE009FDD3E /* PBXTargetDependency */ = {
			isa = PBXTargetDependency;
			target = 8DAD20B925B1B9DA009FDD3E /* Scrumdinger */;
			targetProxy = 8DAD20D725B1B9DE009FDD3E /* PBXContainerItemProxy */;
		};
/* End PBXTargetDependency section */

/* Begin XCBuildConfiguration section */
		8DAD20DD25B1B9DE009FDD3E /* Debug */ = {
			isa = XCBuildConfiguration;
			buildSettings = {
				ALWAYS_SEARCH_USER_PATHS = NO;
				CLANG_ANALYZER_NONNULL = YES;
				CLANG_ANALYZER_NUMBER_OBJECT_CONVERSION = YES_AGGRESSIVE;
				CLANG_CXX_LANGUAGE_STANDARD = "gnu++14";
				CLANG_CXX_LIBRARY = "libc++";
				CLANG_ENABLE_MODULES = YES;
				CLANG_ENABLE_OBJC_ARC = YES;
				CLANG_ENABLE_OBJC_WEAK = YES;
				CLANG_WARN_BLOCK_CAPTURE_AUTORELEASING = YES;
				CLANG_WARN_BOOL_CONVERSION = YES;
				CLANG_WARN_COMMA = YES;
				CLANG_WARN_CONSTANT_CONVERSION = YES;
				CLANG_WARN_DEPRECATED_OBJC_IMPLEMENTATIONS = YES;
				CLANG_WARN_DIRECT_OBJC_ISA_USAGE = YES_ERROR;
				CLANG_WARN_DOCUMENTATION_COMMENTS = YES;
				CLANG_WARN_EMPTY_BODY = YES;
				CLANG_WARN_ENUM_CONVERSION = YES;
				CLANG_WARN_INFINITE_RECURSION = YES;
				CLANG_WARN_INT_CONVERSION = YES;
				CLANG_WARN_NON_LITERAL_NULL_CONVERSION = YES;
				CLANG_WARN_OBJC_IMPLICIT_RETAIN_SELF = YES;
				CLANG_WARN_OBJC_LITERAL_CONVERSION = YES;
				CLANG_WARN_OBJC_ROOT_CLASS = YES_ERROR;
				CLANG_WARN_QUOTED_INCLUDE_IN_FRAMEWORK_HEADER = YES;
				CLANG_WARN_RANGE_LOOP_ANALYSIS = YES;
				CLANG_WARN_STRICT_PROTOTYPES = YES;
				CLANG_WARN_SUSPICIOUS_MOVE = YES;
				CLANG_WARN_UNGUARDED_AVAILABILITY = YES_AGGRESSIVE;
				CLANG_WARN_UNREACHABLE_CODE = YES;
				CLANG_WARN__DUPLICATE_METHOD_MATCH = YES;
				COPY_PHASE_STRIP = NO;
				DEBUG_INFORMATION_FORMAT = dwarf;
				ENABLE_STRICT_OBJC_MSGSEND = YES;
				ENABLE_TESTABILITY = YES;
				GCC_C_LANGUAGE_STANDARD = gnu11;
				GCC_DYNAMIC_NO_PIC = NO;
				GCC_NO_COMMON_BLOCKS = YES;
				GCC_OPTIMIZATION_LEVEL = 0;
				GCC_PREPROCESSOR_DEFINITIONS = (
					"DEBUG=1",
					"$(inherited)",
				);
				GCC_WARN_64_TO_32_BIT_CONVERSION = YES;
				GCC_WARN_ABOUT_RETURN_TYPE = YES_ERROR;
				GCC_WARN_UNDECLARED_SELECTOR = YES;
				GCC_WARN_UNINITIALIZED_AUTOS = YES_AGGRESSIVE;
				GCC_WARN_UNUSED_FUNCTION = YES;
				GCC_WARN_UNUSED_VARIABLE = YES;
				IPHONEOS_DEPLOYMENT_TARGET = 14.3;
				MTL_ENABLE_DEBUG_INFO = INCLUDE_SOURCE;
				MTL_FAST_MATH = YES;
				ONLY_ACTIVE_ARCH = YES;
				SDKROOT = iphoneos;
				SWIFT_ACTIVE_COMPILATION_CONDITIONS = DEBUG;
				SWIFT_OPTIMIZATION_LEVEL = "-Onone";
			};
			name = Debug;
		};
		8DAD20DE25B1B9DE009FDD3E /* Release */ = {
			isa = XCBuildConfiguration;
			buildSettings = {
				ALWAYS_SEARCH_USER_PATHS = NO;
				CLANG_ANALYZER_NONNULL = YES;
				CLANG_ANALYZER_NUMBER_OBJECT_CONVERSION = YES_AGGRESSIVE;
				CLANG_CXX_LANGUAGE_STANDARD = "gnu++14";
				CLANG_CXX_LIBRARY = "libc++";
				CLANG_ENABLE_MODULES = YES;
				CLANG_ENABLE_OBJC_ARC = YES;
				CLANG_ENABLE_OBJC_WEAK = YES;
				CLANG_WARN_BLOCK_CAPTURE_AUTORELEASING = YES;
				CLANG_WARN_BOOL_CONVERSION = YES;
				CLANG_WARN_COMMA = YES;
				CLANG_WARN_CONSTANT_CONVERSION = YES;
				CLANG_WARN_DEPRECATED_OBJC_IMPLEMENTATIONS = YES;
				CLANG_WARN_DIRECT_OBJC_ISA_USAGE = YES_ERROR;
				CLANG_WARN_DOCUMENTATION_COMMENTS = YES;
				CLANG_WARN_EMPTY_BODY = YES;
				CLANG_WARN_ENUM_CONVERSION = YES;
				CLANG_WARN_INFINITE_RECURSION = YES;
				CLANG_WARN_INT_CONVERSION = YES;
				CLANG_WARN_NON_LITERAL_NULL_CONVERSION = YES;
				CLANG_WARN_OBJC_IMPLICIT_RETAIN_SELF = YES;
				CLANG_WARN_OBJC_LITERAL_CONVERSION = YES;
				CLANG_WARN_OBJC_ROOT_CLASS = YES_ERROR;
				CLANG_WARN_QUOTED_INCLUDE_IN_FRAMEWORK_HEADER = YES;
				CLANG_WARN_RANGE_LOOP_ANALYSIS = YES;
				CLANG_WARN_STRICT_PROTOTYPES = YES;
				CLANG_WARN_SUSPICIOUS_MOVE = YES;
				CLANG_WARN_UNGUARDED_AVAILABILITY = YES_AGGRESSIVE;
				CLANG_WARN_UNREACHABLE_CODE = YES;
				CLANG_WARN__DUPLICATE_METHOD_MATCH = YES;
				COPY_PHASE_STRIP = NO;
				DEBUG_INFORMATION_FORMAT = "dwarf-with-dsym";
				ENABLE_NS_ASSERTIONS = NO;
				ENABLE_STRICT_OBJC_MSGSEND = YES;
				GCC_C_LANGUAGE_STANDARD = gnu11;
				GCC_NO_COMMON_BLOCKS = YES;
				GCC_WARN_64_TO_32_BIT_CONVERSION = YES;
				GCC_WARN_ABOUT_RETURN_TYPE = YES_ERROR;
				GCC_WARN_UNDECLARED_SELECTOR = YES;
				GCC_WARN_UNINITIALIZED_AUTOS = YES_AGGRESSIVE;
				GCC_WARN_UNUSED_FUNCTION = YES;
				GCC_WARN_UNUSED_VARIABLE = YES;
				IPHONEOS_DEPLOYMENT_TARGET = 14.3;
				MTL_ENABLE_DEBUG_INFO = NO;
				MTL_FAST_MATH = YES;
				SDKROOT = iphoneos;
				SWIFT_COMPILATION_MODE = wholemodule;
				SWIFT_OPTIMIZATION_LEVEL = "-O";
				VALIDATE_PRODUCT = YES;
			};
			name = Release;
		};
		8DAD20E025B1B9DE009FDD3E /* Debug */ = {
			isa = XCBuildConfiguration;
			buildSettings = {
				ASSETCATALOG_COMPILER_APPICON_NAME = AppIcon;
				ASSETCATALOG_COMPILER_GLOBAL_ACCENT_COLOR_NAME = AccentColor;
				CODE_SIGN_STYLE = Automatic;
				DEVELOPMENT_ASSET_PATHS = "\"Scrumdinger/Preview Content\"";
				DEVELOPMENT_TEAM = M4HCL489G4;
				ENABLE_PREVIEWS = YES;
				INFOPLIST_FILE = Scrumdinger/Info.plist;
				IPHONEOS_DEPLOYMENT_TARGET = 14.0;
				LD_RUNPATH_SEARCH_PATHS = (
					"$(inherited)",
					"@executable_path/Frameworks",
				);
				PRODUCT_BUNDLE_IDENTIFIER = "woo-noo.Scrumdinger";
				PRODUCT_NAME = "$(TARGET_NAME)";
				SWIFT_VERSION = 5.0;
				TARGETED_DEVICE_FAMILY = "1,2";
			};
			name = Debug;
		};
		8DAD20E125B1B9DE009FDD3E /* Release */ = {
			isa = XCBuildConfiguration;
			buildSettings = {
				ASSETCATALOG_COMPILER_APPICON_NAME = AppIcon;
				ASSETCATALOG_COMPILER_GLOBAL_ACCENT_COLOR_NAME = AccentColor;
				CODE_SIGN_STYLE = Automatic;
				DEVELOPMENT_ASSET_PATHS = "\"Scrumdinger/Preview Content\"";
				DEVELOPMENT_TEAM = M4HCL489G4;
				ENABLE_PREVIEWS = YES;
				INFOPLIST_FILE = Scrumdinger/Info.plist;
				IPHONEOS_DEPLOYMENT_TARGET = 14.0;
				LD_RUNPATH_SEARCH_PATHS = (
					"$(inherited)",
					"@executable_path/Frameworks",
				);
				PRODUCT_BUNDLE_IDENTIFIER = "woo-noo.Scrumdinger";
				PRODUCT_NAME = "$(TARGET_NAME)";
				SWIFT_VERSION = 5.0;
				TARGETED_DEVICE_FAMILY = "1,2";
			};
			name = Release;
		};
		8DAD20E325B1B9DE009FDD3E /* Debug */ = {
			isa = XCBuildConfiguration;
			buildSettings = {
				ALWAYS_EMBED_SWIFT_STANDARD_LIBRARIES = YES;
				BUNDLE_LOADER = "$(TEST_HOST)";
				CODE_SIGN_STYLE = Automatic;
				DEVELOPMENT_TEAM = M4HCL489G4;
				INFOPLIST_FILE = ScrumdingerTests/Info.plist;
				IPHONEOS_DEPLOYMENT_TARGET = 14.0;
				LD_RUNPATH_SEARCH_PATHS = (
					"$(inherited)",
					"@executable_path/Frameworks",
					"@loader_path/Frameworks",
				);
				PRODUCT_BUNDLE_IDENTIFIER = "woo-noo.ScrumdingerTests";
				PRODUCT_NAME = "$(TARGET_NAME)";
				SWIFT_VERSION = 5.0;
				TARGETED_DEVICE_FAMILY = "1,2";
				TEST_HOST = "$(BUILT_PRODUCTS_DIR)/Scrumdinger.app/Scrumdinger";
			};
			name = Debug;
		};
		8DAD20E425B1B9DE009FDD3E /* Release */ = {
			isa = XCBuildConfiguration;
			buildSettings = {
				ALWAYS_EMBED_SWIFT_STANDARD_LIBRARIES = YES;
				BUNDLE_LOADER = "$(TEST_HOST)";
				CODE_SIGN_STYLE = Automatic;
				DEVELOPMENT_TEAM = M4HCL489G4;
				INFOPLIST_FILE = ScrumdingerTests/Info.plist;
				IPHONEOS_DEPLOYMENT_TARGET = 14.0;
				LD_RUNPATH_SEARCH_PATHS = (
					"$(inherited)",
					"@executable_path/Frameworks",
					"@loader_path/Frameworks",
				);
				PRODUCT_BUNDLE_IDENTIFIER = "woo-noo.ScrumdingerTests";
				PRODUCT_NAME = "$(TARGET_NAME)";
				SWIFT_VERSION = 5.0;
				TARGETED_DEVICE_FAMILY = "1,2";
				TEST_HOST = "$(BUILT_PRODUCTS_DIR)/Scrumdinger.app/Scrumdinger";
			};
			name = Release;
		};
		8DAD20E625B1B9DE009FDD3E /* Debug */ = {
			isa = XCBuildConfiguration;
			buildSettings = {
				ALWAYS_EMBED_SWIFT_STANDARD_LIBRARIES = YES;
				CODE_SIGN_STYLE = Automatic;
				DEVELOPMENT_TEAM = M4HCL489G4;
				INFOPLIST_FILE = ScrumdingerUITests/Info.plist;
				LD_RUNPATH_SEARCH_PATHS = (
					"$(inherited)",
					"@executable_path/Frameworks",
					"@loader_path/Frameworks",
				);
				PRODUCT_BUNDLE_IDENTIFIER = "woo-noo.ScrumdingerUITests";
				PRODUCT_NAME = "$(TARGET_NAME)";
				SWIFT_VERSION = 5.0;
				TARGETED_DEVICE_FAMILY = "1,2";
				TEST_TARGET_NAME = Scrumdinger;
			};
			name = Debug;
		};
		8DAD20E725B1B9DE009FDD3E /* Release */ = {
			isa = XCBuildConfiguration;
			buildSettings = {
				ALWAYS_EMBED_SWIFT_STANDARD_LIBRARIES = YES;
				CODE_SIGN_STYLE = Automatic;
				DEVELOPMENT_TEAM = M4HCL489G4;
				INFOPLIST_FILE = ScrumdingerUITests/Info.plist;
				LD_RUNPATH_SEARCH_PATHS = (
					"$(inherited)",
					"@executable_path/Frameworks",
					"@loader_path/Frameworks",
				);
				PRODUCT_BUNDLE_IDENTIFIER = "woo-noo.ScrumdingerUITests";
				PRODUCT_NAME = "$(TARGET_NAME)";
				SWIFT_VERSION = 5.0;
				TARGETED_DEVICE_FAMILY = "1,2";
				TEST_TARGET_NAME = Scrumdinger;
			};
			name = Release;
		};
/* End XCBuildConfiguration section */

/* Begin XCConfigurationList section */
		8DAD20B525B1B9DA009FDD3E /* Build configuration list for PBXProject "Scrumdinger" */ = {
			isa = XCConfigurationList;
			buildConfigurations = (
				8DAD20DD25B1B9DE009FDD3E /* Debug */,
				8DAD20DE25B1B9DE009FDD3E /* Release */,
			);
			defaultConfigurationIsVisible = 0;
			defaultConfigurationName = Release;
		};
		8DAD20DF25B1B9DE009FDD3E /* Build configuration list for PBXNativeTarget "Scrumdinger" */ = {
			isa = XCConfigurationList;
			buildConfigurations = (
				8DAD20E025B1B9DE009FDD3E /* Debug */,
				8DAD20E125B1B9DE009FDD3E /* Release */,
			);
			defaultConfigurationIsVisible = 0;
			defaultConfigurationName = Release;
		};
		8DAD20E225B1B9DE009FDD3E /* Build configuration list for PBXNativeTarget "ScrumdingerTests" */ = {
			isa = XCConfigurationList;
			buildConfigurations = (
				8DAD20E325B1B9DE009FDD3E /* Debug */,
				8DAD20E425B1B9DE009FDD3E /* Release */,
			);
			defaultConfigurationIsVisible = 0;
			defaultConfigurationName = Release;
		};
		8DAD20E525B1B9DE009FDD3E /* Build configuration list for PBXNativeTarget "ScrumdingerUITests" */ = {
			isa = XCConfigurationList;
			buildConfigurations = (
				8DAD20E625B1B9DE009FDD3E /* Debug */,
				8DAD20E725B1B9DE009FDD3E /* Release */,
			);
			defaultConfigurationIsVisible = 0;
			defaultConfigurationName = Release;
		};
/* End XCConfigurationList section */
	};
	rootObject = 8DAD20B225B1B9DA009FDD3E /* Project object */;
}
